
Microsoft Visual Studio Solution File, Format Version 12.00
# Visual Studio Version 16
VisualStudioVersion = 16.0.30503.244
MinimumVisualStudioVersion = 10.0.40219.1
Project("{FAE04EC0-301F-11D3-BF4B-00C04F79EFBC}") = "WindowsFormsApp1", "WindowsFormsApp1\WindowsFormsApp1.csproj", "{AA84B5DF-C1EA-44DD-9EC9-5D860B9C47A7}"
EndProject
Global
	GlobalSection(SolutionConfigurationPlatforms) = preSolution
		Debug|Any CPU = Debug|Any CPU
		Release|Any CPU = Release|Any CPU
	EndGlobalSection
	GlobalSection(ProjectConfigurationPlatforms) = postSolution
		{AA84B5DF-C1EA-44DD-9EC9-5D860B9C47A7}.Debug|Any CPU.ActiveCfg = Debug|Any CPU
		{AA84B5DF-C1EA-44DD-9EC9-5D860B9C47A7}.Debug|Any CPU.Build.0 = Debug|Any CPU
		{AA84B5DF-C1EA-44DD-9EC9-5D860B9C47A7}.Release|Any CPU.ActiveCfg = Release|Any CPU
		{AA84B5DF-C1EA-44DD-9EC9-5D860B9C47A7}.Release|Any CPU.Build.0 = Release|Any CPU
	EndGlobalSection
	GlobalSection(SolutionProperties) = preSolution
		HideSolutionNode = FALSE
	EndGlobalSection
	GlobalSection(ExtensibilityGlobals) = postSolution
		SolutionGuid = {702FC381-1938-45CF-8777-EEB1D48956DE}
	EndGlobalSection
EndGlobal
